Microsoft Visual Studio Solution File, Format Version 11.00
# Visual Studio 2008

Project("{C036F887-E649-12FC-51F4-80660B99BBD1}") = "khrisRhodes_PlatformProject", "Assembly-CSharp.csproj", "{1B9DAE08-715A-8720-31BE-E93E8FD03544}"
EndProject
Global
	GlobalSection(SolutionConfigurationPlatforms) = preSolution
		Debug|Any CPU = Debug|Any CPU
		Release|Any CPU = Release|Any CPU
	EndGlobalSection
	GlobalSection(ProjectConfigurationPlatforms) = postSolution
		{1B9DAE08-715A-8720-31BE-E93E8FD03544}.Debug|Any CPU.ActiveCfg = Debug|Any CPU
		{1B9DAE08-715A-8720-31BE-E93E8FD03544}.Debug|Any CPU.Build.0 = Debug|Any CPU
		{1B9DAE08-715A-8720-31BE-E93E8FD03544}.Release|Any CPU.ActiveCfg = Release|Any CPU
		{1B9DAE08-715A-8720-31BE-E93E8FD03544}.Release|Any CPU.Build.0 = Release|Any CPU
	EndGlobalSection
	GlobalSection(SolutionProperties) = preSolution
		HideSolutionNode = FALSE
	EndGlobalSection
						GlobalSection(MonoDevelopProperties) = preSolution
		StartupItem = Assembly-CSharp.csproj
		Policies = $0
		$0.TextStylePolicy = $1
		$1.inheritsSet = null
		$1.scope = text/x-csharp
		$0.CSharpFormattingPolicy = $2
		$2.inheritsSet = Mono
		$2.inheritsScope = text/x-csharp
		$2.scope = text/x-csharp
		$0.TextStylePolicy = $3
		$3.FileWidth = 120
		$3.TabWidth = 4
		$3.IndentWidth = 4
		$3.EolMarker = Unix
		$3.inheritsSet = Mono
		$3.inheritsScope = text/plain
		$3.scope = text/plain
	EndGlobalSection

EndGlobal
